<?xml version="1.0" encoding="utf-8"?>
<Project ToolsVersion="17.0" xmlns="http://schemas.microsoft.com/developer/msbuild/2003">
  <ItemGroup>
    <CustomBuild Include="C:\Users\User\Desktop\Новая папка\mp2-lab1-set\sln\vc22\CMakeFiles\8d3ea45998c9f73cd6d767767819329b\generate.stamp.rule">
      <Filter>CMake Rules</Filter>
    </CustomBuild>
  </ItemGroup>
  <ItemGroup>
    <Filter Include="CMake Rules">
      <UniqueIdentifier>{3CEEFD33-D9E6-34D3-A606-A0B8318B9F37}</UniqueIdentifier>
    </Filter>
  </ItemGroup>
</Project>
